{
  "version": 4,
  "terraform_version": "1.7.4",
  "serial": 7,
  "lineage": "e0e726c3-faf8-ee63-7ca4-561ea2158787",
  "outputs": {
    "ec2_ip": {
      "value": "54.167.34.34",
      "type": "string"
    }
  },
  "resources": [
    {
      "mode": "data",
      "type": "aws_ami",
      "name": "ubuntu",
      "provider": "provider[\"registry.terraform.io/hashicorp/aws\"]",
      "instances": [
        {
          "schema_version": 0,
          "attributes": {
            "architecture": "x86_64",
            "arn": "arn:aws:ec2:us-east-1::image/ami-080e1f13689e07408",
            "block_device_mappings": [
              {
                "device_name": "/dev/sda1",
                "ebs": {
                  "delete_on_termination": "true",
                  "encrypted": "false",
                  "iops": "0",
                  "snapshot_id": "snap-057fda6c9eb1d88ec",
                  "throughput": "0",
                  "volume_size": "8",
                  "volume_type": "gp2"
                },
                "no_device": "",
                "virtual_name": ""
              },
              {
                "device_name": "/dev/sdb",
                "ebs": {},
                "no_device": "",
                "virtual_name": "ephemeral0"
              },
              {
                "device_name": "/dev/sdc",
                "ebs": {},
                "no_device": "",
                "virtual_name": "ephemeral1"
              }
            ],
            "boot_mode": "uefi-preferred",
            "creation_date": "2024-03-01T04:02:56.000Z",
            "deprecation_time": "2026-03-01T04:02:56.000Z",
            "description": "Canonical, Ubuntu, 22.04 LTS, amd64 jammy image build on 2024-03-01",
            "ena_support": true,
            "executable_users": null,
            "filter": [
              {
                "name": "name",
                "values": [
                  "ubuntu/images/hvm-ssd/ubuntu-jammy-22.04-amd64-server-*"
                ]
              },
              {
                "name": "virtualization-type",
                "values": [
                  "hvm"
                ]
              }
            ],
            "hypervisor": "xen",
            "id": "ami-080e1f13689e07408",
            "image_id": "ami-080e1f13689e07408",
            "image_location": "amazon/ubuntu/images/hvm-ssd/ubuntu-jammy-22.04-amd64-server-20240301",
            "image_owner_alias": "amazon",
            "image_type": "machine",
            "imds_support": "",
            "include_deprecated": false,
            "kernel_id": "",
            "most_recent": true,
            "name": "ubuntu/images/hvm-ssd/ubuntu-jammy-22.04-amd64-server-20240301",
            "name_regex": null,
            "owner_id": "099720109477",
            "owners": [
              "099720109477"
            ],
            "platform": "",
            "platform_details": "Linux/UNIX",
            "product_codes": [],
            "public": true,
            "ramdisk_id": "",
            "root_device_name": "/dev/sda1",
            "root_device_type": "ebs",
            "root_snapshot_id": "snap-057fda6c9eb1d88ec",
            "sriov_net_support": "simple",
            "state": "available",
            "state_reason": {
              "code": "UNSET",
              "message": "UNSET"
            },
            "tags": {},
            "timeouts": null,
            "tpm_support": "",
            "usage_operation": "RunInstances",
            "virtualization_type": "hvm"
          },
          "sensitive_attributes": []
        }
      ]
    },
    {
      "mode": "managed",
      "type": "aws_default_subnet",
      "name": "default",
      "provider": "provider[\"registry.terraform.io/hashicorp/aws\"]",
      "instances": [
        {
          "schema_version": 1,
          "attributes": {
            "arn": "arn:aws:ec2:us-east-1:753063786795:subnet/subnet-6c3ad920",
            "assign_ipv6_address_on_creation": false,
            "availability_zone": "us-east-1a",
            "availability_zone_id": "use1-az4",
            "cidr_block": "172.31.16.0/20",
            "customer_owned_ipv4_pool": "",
            "enable_dns64": false,
            "enable_lni_at_device_index": 0,
            "enable_resource_name_dns_a_record_on_launch": false,
            "enable_resource_name_dns_aaaa_record_on_launch": false,
            "existing_default_subnet": true,
            "force_destroy": false,
            "id": "subnet-6c3ad920",
            "ipv6_cidr_block": "",
            "ipv6_cidr_block_association_id": "",
            "ipv6_native": false,
            "map_customer_owned_ip_on_launch": false,
            "map_public_ip_on_launch": true,
            "outpost_arn": "",
            "owner_id": "753063786795",
            "private_dns_hostname_type_on_launch": "ip-name",
            "tags": null,
            "tags_all": {},
            "timeouts": null,
            "vpc_id": "vpc-beddb1c3"
          },
          "sensitive_attributes": [],
          "private": "eyJlMmJmYjczMC1lY2FhLTExZTYtOGY4OC0zNDM2M2JjN2M0YzAiOnsiY3JlYXRlIjo2MDAwMDAwMDAwMDAsImRlbGV0ZSI6MTIwMDAwMDAwMDAwMH0sInNjaGVtYV92ZXJzaW9uIjoiMSJ9"
        }
      ]
    },
    {
      "mode": "managed",
      "type": "aws_default_vpc",
      "name": "default",
      "provider": "provider[\"registry.terraform.io/hashicorp/aws\"]",
      "instances": [
        {
          "schema_version": 1,
          "attributes": {
            "arn": "arn:aws:ec2:us-east-1:753063786795:vpc/vpc-beddb1c3",
            "assign_generated_ipv6_cidr_block": false,
            "cidr_block": "172.31.0.0/16",
            "default_network_acl_id": "acl-ba8a5cc6",
            "default_route_table_id": "rtb-45e40e34",
            "default_security_group_id": "sg-45295958",
            "dhcp_options_id": "dopt-48beb732",
            "enable_classiclink": false,
            "enable_classiclink_dns_support": false,
            "enable_dns_hostnames": true,
            "enable_dns_support": true,
            "enable_network_address_usage_metrics": false,
            "existing_default_vpc": true,
            "force_destroy": false,
            "id": "vpc-beddb1c3",
            "instance_tenancy": "default",
            "ipv6_association_id": "",
            "ipv6_cidr_block": "",
            "ipv6_cidr_block_network_border_group": "",
            "ipv6_ipam_pool_id": "",
            "ipv6_netmask_length": 0,
            "main_route_table_id": "rtb-45e40e34",
            "owner_id": "753063786795",
            "tags": null,
            "tags_all": {}
          },
          "sensitive_attributes": [],
          "private": "eyJzY2hlbWFfdmVyc2lvbiI6IjEifQ==",
          "create_before_destroy": true
        }
      ]
    },
    {
      "mode": "managed",
      "type": "aws_instance",
      "name": "myInstance_sushil",
      "provider": "provider[\"registry.terraform.io/hashicorp/aws\"]",
      "instances": [
        {
          "schema_version": 1,
          "attributes": {
            "ami": "ami-080e1f13689e07408",
            "arn": "arn:aws:ec2:us-east-1:753063786795:instance/i-090cc29dca2c6d8b1",
            "associate_public_ip_address": true,
            "availability_zone": "us-east-1a",
            "capacity_reservation_specification": [
              {
                "capacity_reservation_preference": "open",
                "capacity_reservation_target": []
              }
            ],
            "cpu_core_count": 1,
            "cpu_options": [
              {
                "amd_sev_snp": "",
                "core_count": 1,
                "threads_per_core": 2
              }
            ],
            "cpu_threads_per_core": 2,
            "credit_specification": [
              {
                "cpu_credits": "unlimited"
              }
            ],
            "disable_api_stop": false,
            "disable_api_termination": true,
            "ebs_block_device": [],
            "ebs_optimized": false,
            "enclave_options": [
              {
                "enabled": false
              }
            ],
            "ephemeral_block_device": [],
            "get_password_data": false,
            "hibernation": false,
            "host_id": "",
            "host_resource_group_arn": null,
            "iam_instance_profile": "",
            "id": "i-090cc29dca2c6d8b1",
            "instance_initiated_shutdown_behavior": "stop",
            "instance_state": "running",
            "instance_type": "t3a.medium",
            "ipv6_address_count": 0,
            "ipv6_addresses": [],
            "key_name": "deployer-key",
            "launch_template": [],
            "maintenance_options": [
              {
                "auto_recovery": "default"
              }
            ],
            "metadata_options": [
              {
                "http_endpoint": "enabled",
                "http_put_response_hop_limit": 1,
                "http_tokens": "optional",
                "instance_metadata_tags": "disabled"
              }
            ],
            "monitoring": false,
            "network_interface": [],
            "outpost_arn": "",
            "password_data": "",
            "placement_group": "",
            "placement_partition_number": 0,
            "primary_network_interface_id": "eni-0bba2f3f11dc32950",
            "private_dns": "ip-172-31-26-5.ec2.internal",
            "private_dns_name_options": [
              {
                "enable_resource_name_dns_a_record": false,
                "enable_resource_name_dns_aaaa_record": false,
                "hostname_type": "ip-name"
              }
            ],
            "private_ip": "172.31.26.5",
            "public_dns": "ec2-54-167-34-34.compute-1.amazonaws.com",
            "public_ip": "54.167.34.34",
            "root_block_device": [
              {
                "delete_on_termination": true,
                "device_name": "/dev/sda1",
                "encrypted": false,
                "iops": 100,
                "kms_key_id": "",
                "tags": null,
                "throughput": 0,
                "volume_id": "vol-0e9f53f9a8363f635",
                "volume_size": 15,
                "volume_type": "gp2"
              }
            ],
            "secondary_private_ips": [],
            "security_groups": [
              "ssh-server",
              "sushil-web"
            ],
            "source_dest_check": true,
            "subnet_id": "subnet-6c3ad920",
            "tags": {
              "Name": "sushil-newec2"
            },
            "tags_all": {
              "Name": "sushil-newec2"
            },
            "tenancy": "default",
            "timeouts": null,
            "user_data": null,
            "user_data_base64": "IyEvYmluL2Jhc2gKCnN1ZG8gYXB0IHVwZGF0ZQoKIyBJbnN0YWxsIEFwYWNoZTIKc3VkbyBhcHQgaW5zdGFsbCAteSBhcGFjaGUyCm1rZGlyIC9ldGMvYXBhY2hlMi9zc2wKb3BlbnNzbCByZXEgLXg1MDkgLW5vZGVzIC1kYXlzIDM2NSAtbmV3a2V5IHJzYToyMDQ4IFwKICAgICAgICAgICAgICAta2V5b3V0IC9ldGMvYXBhY2hlMi9zc2wvYXBhY2hlLmtleSBcCiAgICAgICAgICAgICAgLW91dCAvZXRjL2FwYWNoZTIvc3NsL2FwYWNoZS5jcnQgXAogICAgICAgICAgICAgIC1zdWJqICIvQz1VUy9TVD1DQS9MPUxvcyBBbmdlbGVzL089TXlPcmcvT1U9TXlVbml0L0NOPW15c2VydmVyLmV4YW1wbGUuY29tIgpjYXQgPiAvZXRjL2FwYWNoZTIvc2l0ZXMtYXZhaWxhYmxlL2RlZmF1bHQtc3NsLmNvbmYgPDwgRU9GCjxJZk1vZHVsZSBtb2Rfc3NsLmM+CiAgICA8VmlydHVhbEhvc3QgX2RlZmF1bHRfOjQ0Mz4KICAgICAgICBTZXJ2ZXJBZG1pbiB3ZWJtYXN0ZXJAbG9jYWxob3N0CiAgICAgICAgRG9jdW1lbnRSb290IC92YXIvd3d3L2h0bWwKICAgICAgICBFcnJvckxvZyAke0FQQUNIRV9MT0dfRElSfS9lcnJvci5sb2cKICAgICAgICBDdXN0b21Mb2cgJHtBUEFDSEVfTE9HX0RJUn0vYWNjZXNzLmxvZyBjb21iaW5lZAogICAgICAgIFNTTEVuZ2luZSBvbgogICAgICAgICAgICBTU0xDZXJ0aWZpY2F0ZUZpbGUgICAgICAvZXRjL2FwYWNoZTIvc3NsL2FwYWNoZS5jcnQKICAgICAgICAgICAgU1NMQ2VydGlmaWNhdGVLZXlGaWxlIC9ldGMvYXBhY2hlMi9zc2wvYXBhY2hlLmtleQogICAgICAgICAgICA8RmlsZXNNYXRjaCAiXC4oY2dpfHNodG1sfHBodG1sfHBocCkkIj4KICAgICAgICAgICAgICAgIFNTTE9wdGlvbnMgK1N0ZEVudlZhcnMKICAgICAgICAgICAgICAgIDwvRmlsZXNNYXRjaD4KICAgICAgICAgICAgICAgICAgICA8RGlyZWN0b3J5IC91c3IvbGliL2NnaS1iaW4+CiAgICAgICAgICAgICAgICAgICAgU1NMT3B0aW9ucyArU3RkRW52VmFycwogICAgICAgICAgICAgICAgPC9EaXJlY3Rvcnk+CiAgICA8L1ZpcnR1YWxIb3N0Pgo8L0lmTW9kdWxlPgpFT0YKCmEyZW5tb2Qgc3NsCmEyZW5zaXRlIGRlZmF1bHQtc3NsCnN5c3RlbWN0bCByZXN0YXJ0IGFwYWNoZTIKCmNhdCA+IC92YXIvd3d3L2h0bWwvaW5kZXguaHRtbCA8PCBFT0YKPGh0bWw+CjxoZWFkPgo8dGl0bGU+SGVsbG8gV29ybGQ8L3RpdGxlPgo8L2hlYWQ+Cjxib2R5Pgo8aDE+SGVsbG8gV29ybGQhPC9oMT4KPC9ib2R5Pgo8L2h0bWw+CkVPRgo=",
            "user_data_replace_on_change": true,
            "volume_tags": null,
            "vpc_security_group_ids": [
              "sg-072f1eb3121516725",
              "sg-09b876dd0ddb906fa"
            ]
          },
          "sensitive_attributes": [],
          "private": "eyJlMmJmYjczMC1lY2FhLTExZTYtOGY4OC0zNDM2M2JjN2M0YzAiOnsiY3JlYXRlIjo2MDAwMDAwMDAwMDAsImRlbGV0ZSI6MTIwMDAwMDAwMDAwMCwidXBkYXRlIjo2MDAwMDAwMDAwMDB9LCJzY2hlbWFfdmVyc2lvbiI6IjEifQ==",
          "dependencies": [
            "aws_default_subnet.default",
            "aws_default_vpc.default",
            "aws_key_pair.deployer",
            "aws_security_group.ssh-sg",
            "aws_security_group.web",
            "data.aws_ami.ubuntu"
          ]
        }
      ]
    },
    {
      "mode": "managed",
      "type": "aws_key_pair",
      "name": "deployer",
      "provider": "provider[\"registry.terraform.io/hashicorp/aws\"]",
      "instances": [
        {
          "schema_version": 1,
          "attributes": {
            "arn": "arn:aws:ec2:us-east-1:753063786795:key-pair/deployer-key",
            "fingerprint": "95:c1:1b:13:a5:c2:84:08:b8:9d:be:58:d2:62:bf:c8",
            "id": "deployer-key",
            "key_name": "deployer-key",
            "key_name_prefix": "",
            "key_pair_id": "key-0422e88651ba77b4a",
            "key_type": "rsa",
            "public_key": "ssh-rsa AAAAB3NzaC1yc2EAAAADAQABAAABAQDM2UegZQj97Jr7FQaZqU7wyEJsfZSszRODEyUIlPYlrG0KS68j4v6/0627o8QZKkOahTFOP62hkXriRFCYVZVSpMtLlp/Ef0XB+Wc6qBCwpYlOjzhA3xeJK7ZwGGq6AyCG2PtmOWDoR91vKw8EbdPBlDkMjwDF072jhQL32p7mWcFSZoxBAAImCkpt2CjlRHr3IVi/8UelcZYGIek3xRGJDaVHs2cTTxW9EahF4S49I0ieZjOQkY+4uvfaQDbWOkQUd4SqjdwgJ7BFGGKfhlhTx0jZXpT/VykhSMZ5PD6gjTcLEwfvRJGaPqojrNqlHB+fFpCz/hQ6UPfHrV50GkPD sushi@Sushil",
            "tags": null,
            "tags_all": {}
          },
          "sensitive_attributes": [],
          "private": "eyJzY2hlbWFfdmVyc2lvbiI6IjEifQ=="
        }
      ]
    },
    {
      "mode": "managed",
      "type": "aws_security_group",
      "name": "ssh-sg",
      "provider": "provider[\"registry.terraform.io/hashicorp/aws\"]",
      "instances": [
        {
          "schema_version": 1,
          "attributes": {
            "arn": "arn:aws:ec2:us-east-1:753063786795:security-group/sg-09b876dd0ddb906fa",
            "description": "Allow ssh traffic",
            "egress": [],
            "id": "sg-09b876dd0ddb906fa",
            "ingress": [
              {
                "cidr_blocks": [
                  "0.0.0.0/0"
                ],
                "description": "SSH server",
                "from_port": 22,
                "ipv6_cidr_blocks": [],
                "prefix_list_ids": [],
                "protocol": "tcp",
                "security_groups": [],
                "self": false,
                "to_port": 22
              }
            ],
            "name": "ssh-server",
            "name_prefix": "",
            "owner_id": "753063786795",
            "revoke_rules_on_delete": false,
            "tags": {
              "Name": "ssh-sg"
            },
            "tags_all": {
              "Name": "ssh-sg"
            },
            "timeouts": null,
            "vpc_id": "vpc-beddb1c3"
          },
          "sensitive_attributes": [],
          "private": "eyJlMmJmYjczMC1lY2FhLTExZTYtOGY4OC0zNDM2M2JjN2M0YzAiOnsiY3JlYXRlIjo2MDAwMDAwMDAwMDAsImRlbGV0ZSI6OTAwMDAwMDAwMDAwfSwic2NoZW1hX3ZlcnNpb24iOiIxIn0=",
          "dependencies": [
            "aws_default_vpc.default"
          ]
        }
      ]
    },
    {
      "mode": "managed",
      "type": "aws_security_group",
      "name": "web",
      "provider": "provider[\"registry.terraform.io/hashicorp/aws\"]",
      "instances": [
        {
          "schema_version": 1,
          "attributes": {
            "arn": "arn:aws:ec2:us-east-1:753063786795:security-group/sg-072f1eb3121516725",
            "description": "Allow Web inbound traffic",
            "egress": [
              {
                "cidr_blocks": [
                  "0.0.0.0/0"
                ],
                "description": "",
                "from_port": 0,
                "ipv6_cidr_blocks": [],
                "prefix_list_ids": [],
                "protocol": "-1",
                "security_groups": [],
                "self": false,
                "to_port": 0
              }
            ],
            "id": "sg-072f1eb3121516725",
            "ingress": [
              {
                "cidr_blocks": [
                  "0.0.0.0/0"
                ],
                "description": "HTTP Port",
                "from_port": 80,
                "ipv6_cidr_blocks": [],
                "prefix_list_ids": [],
                "protocol": "tcp",
                "security_groups": [],
                "self": false,
                "to_port": 80
              },
              {
                "cidr_blocks": [
                  "0.0.0.0/0"
                ],
                "description": "TLS from Anywhere",
                "from_port": 443,
                "ipv6_cidr_blocks": [],
                "prefix_list_ids": [],
                "protocol": "tcp",
                "security_groups": [],
                "self": false,
                "to_port": 443
              }
            ],
            "name": "sushil-web",
            "name_prefix": "",
            "owner_id": "753063786795",
            "revoke_rules_on_delete": false,
            "tags": {
              "Name": "WEB-sg"
            },
            "tags_all": {
              "Name": "WEB-sg"
            },
            "timeouts": null,
            "vpc_id": "vpc-beddb1c3"
          },
          "sensitive_attributes": [],
          "private": "eyJlMmJmYjczMC1lY2FhLTExZTYtOGY4OC0zNDM2M2JjN2M0YzAiOnsiY3JlYXRlIjo2MDAwMDAwMDAwMDAsImRlbGV0ZSI6OTAwMDAwMDAwMDAwfSwic2NoZW1hX3ZlcnNpb24iOiIxIn0=",
          "dependencies": [
            "aws_default_vpc.default"
          ],
          "create_before_destroy": true
        }
      ]
    }
  ],
  "check_results": null
}
